
Microsoft Visual Studio Solution File, Format Version 12.00
# Visual Studio 15
VisualStudioVersion = 15.0.28010.2036
MinimumVisualStudioVersion = 10.0.40219.1
Project("{FAE04EC0-301F-11D3-BF4B-00C04F79EFBC}") = "FinalDNDSheetProj", "FinalDNDSheetProj\FinalDNDSheetProj.csproj", "{0215064D-FD84-4271-A5F5-FDCC4C749BE8}"
EndProject
Project("{FAE04EC0-301F-11D3-BF4B-00C04F79EFBC}") = "FinalDNDSheetProj.Tests", "FinalDNDSheetProj.Tests\FinalDNDSheetProj.Tests.csproj", "{480D94A0-4076-462D-9CAB-058BD4D97821}"
EndProject
Global
	GlobalSection(SolutionConfigurationPlatforms) = preSolution
		Debug|Any CPU = Debug|Any CPU
		Release|Any CPU = Release|Any CPU
	EndGlobalSection
	GlobalSection(ProjectConfigurationPlatforms) = postSolution
		{0215064D-FD84-4271-A5F5-FDCC4C749BE8}.Debug|Any CPU.ActiveCfg = Debug|Any CPU
		{0215064D-FD84-4271-A5F5-FDCC4C749BE8}.Debug|Any CPU.Build.0 = Debug|Any CPU
		{0215064D-FD84-4271-A5F5-FDCC4C749BE8}.Release|Any CPU.ActiveCfg = Release|Any CPU
		{0215064D-FD84-4271-A5F5-FDCC4C749BE8}.Release|Any CPU.Build.0 = Release|Any CPU
		{480D94A0-4076-462D-9CAB-058BD4D97821}.Debug|Any CPU.ActiveCfg = Debug|Any CPU
		{480D94A0-4076-462D-9CAB-058BD4D97821}.Debug|Any CPU.Build.0 = Debug|Any CPU
		{480D94A0-4076-462D-9CAB-058BD4D97821}.Release|Any CPU.ActiveCfg = Release|Any CPU
		{480D94A0-4076-462D-9CAB-058BD4D97821}.Release|Any CPU.Build.0 = Release|Any CPU
	EndGlobalSection
	GlobalSection(SolutionProperties) = preSolution
		HideSolutionNode = FALSE
	EndGlobalSection
	GlobalSection(ExtensibilityGlobals) = postSolution
		SolutionGuid = {3173508C-C8E8-4720-AC89-51DB46B7EFB9}
	EndGlobalSection
EndGlobal
